
Microsoft Visual Studio Solution File, Format Version 12.00
# Visual Studio Version 17
VisualStudioVersion = 17.4.33213.308
MinimumVisualStudioVersion = 10.0.40219.1
Project("{FAE04EC0-301F-11D3-BF4B-00C04F79EFBC}") = "TKminimum", "TKminimum\TKminimum.csproj", "{69A488C7-3411-411D-85AA-68DAEC84329B}"
EndProject
Global
	GlobalSection(SolutionConfigurationPlatforms) = preSolution
		Debug|Any CPU = Debug|Any CPU
		Release|Any CPU = Release|Any CPU
	EndGlobalSection
	GlobalSection(ProjectConfigurationPlatforms) = postSolution
		{69A488C7-3411-411D-85AA-68DAEC84329B}.Debug|Any CPU.ActiveCfg = Debug|Any CPU
		{69A488C7-3411-411D-85AA-68DAEC84329B}.Debug|Any CPU.Build.0 = Debug|Any CPU
		{69A488C7-3411-411D-85AA-68DAEC84329B}.Release|Any CPU.ActiveCfg = Release|Any CPU
		{69A488C7-3411-411D-85AA-68DAEC84329B}.Release|Any CPU.Build.0 = Release|Any CPU
	EndGlobalSection
	GlobalSection(SolutionProperties) = preSolution
		HideSolutionNode = FALSE
	EndGlobalSection
	GlobalSection(ExtensibilityGlobals) = postSolution
		SolutionGuid = {C0F42DA1-CEBA-44DD-8189-2CF2F3839FC9}
	EndGlobalSection
EndGlobal
